// !$*UTF8*$!
{
	archiveVersion = 1;
	classes = {
	};
	objectVersion = 50;
	objects = {

/* Begin PBXBuildFile section */
		7C4E6E9921E473D70053D2EE /* AppDelegate.swift in Sources */ = {isa = PBXBuildFile; fileRef = 7C4E6E9821E473D70053D2EE /* AppDelegate.swift */; };
		7C4E6E9B21E473D70053D2EE /* PageContentViewController.swift in Sources */ = {isa = PBXBuildFile; fileRef = 7C4E6E9A21E473D70053D2EE /* PageContentViewController.swift */; };
		7C4E6E9E21E473D70053D2EE /* Main.storyboard in Resources */ = {isa = PBXBuildFile; fileRef = 7C4E6E9C21E473D70053D2EE /* Main.storyboard */; };
		7C4E6EA021E473E60053D2EE /* Assets.xcassets in Resources */ = {isa = PBXBuildFile; fileRef = 7C4E6E9F21E473E60053D2EE /* Assets.xcassets */; };
		7C4E6EA321E473E60053D2EE /* LaunchScreen.storyboard in Resources */ = {isa = PBXBuildFile; fileRef = 7C4E6EA121E473E60053D2EE /* LaunchScreen.storyboard */; };
		7C4E6EAB21E484520053D2EE /* CustomUIPageControl.swift in Sources */ = {isa = PBXBuildFile; fileRef = 7C4E6EAA21E484520053D2EE /* CustomUIPageControl.swift */; };
		7C4E6EAD21E486E00053D2EE /* PageViewController.swift in Sources */ = {isa = PBXBuildFile; fileRef = 7C4E6EAC21E486E00053D2EE /* PageViewController.swift */; };
/* End PBXBuildFile section */

/* Begin PBXFileReference section */
		7C4E6E9521E473D70053D2EE /* SplashTutorialDemo.app */ = {isa = PBXFileReference; explicitFileType = wrapper.application; includeInIndex = 0; path = SplashTutorialDemo.app; sourceTree = BUILT_PRODUCTS_DIR; };
		7C4E6E9821E473D70053D2EE /* AppDelegate.swift */ = {isa = PBXFileReference; lastKnownFileType = sourcecode.swift; path = AppDelegate.swift; sourceTree = "<group>"; };
		7C4E6E9A21E473D70053D2EE /* PageContentViewController.swift */ = {isa = PBXFileReference; lastKnownFileType = sourcecode.swift; path = PageContentViewController.swift; sourceTree = "<group>"; };
		7C4E6E9D21E473D70053D2EE /* Base */ = {isa = PBXFileReference; lastKnownFileType = file.storyboard; name = Base; path = Base.lproj/Main.storyboard; sourceTree = "<group>"; };
		7C4E6E9F21E473E60053D2EE /* Assets.xcassets */ = {isa = PBXFileReference; lastKnownFileType = folder.assetcatalog; path = Assets.xcassets; sourceTree = "<group>"; };
		7C4E6EA221E473E60053D2EE /* Base */ = {isa = PBXFileReference; lastKnownFileType = file.storyboard; name = Base; path = Base.lproj/LaunchScreen.storyboard; sourceTree = "<group>"; };
		7C4E6EA421E473E60053D2EE /* Info.plist */ = {isa = PBXFileReference; lastKnownFileType = text.plist.xml; path = Info.plist; sourceTree = "<group>"; };
		7C4E6EAA21E484520053D2EE /* CustomUIPageControl.swift */ = {isa = PBXFileReference; lastKnownFileType = sourcecode.swift; path = CustomUIPageControl.swift; sourceTree = "<group>"; };
		7C4E6EAC21E486E00053D2EE /* PageViewController.swift */ = {isa = PBXFileReference; lastKnownFileType = sourcecode.swift; path = PageViewController.swift; sourceTree = "<group>"; };
/* End PBXFileReference section */

/* Begin PBXFrameworksBuildPhase section */
		7C4E6E9221E473D70053D2EE /* Frameworks */ = {
			isa = PBXFrameworksBuildPhase;
			buildActionMask = 2147483647;
			files = (
			);
			runOnlyForDeploymentPostprocessing = 0;
		};
/* End PBXFrameworksBuildPhase section */

/* Begin PBXGroup section */
		7C4E6E8C21E473D60053D2EE = {
			isa = PBXGroup;
			children = (
				7C4E6E9721E473D70053D2EE /* SplashTutorialDemo */,
				7C4E6E9621E473D70053D2EE /* Products */,
			);
			sourceTree = "<group>";
		};
		7C4E6E9621E473D70053D2EE /* Products */ = {
			isa = PBXGroup;
			children = (
				7C4E6E9521E473D70053D2EE /* SplashTutorialDemo.app */,
			);
			name = Products;
			sourceTree = "<group>";
		};
		7C4E6E9721E473D70053D2EE /* SplashTutorialDemo */ = {
			isa = PBXGroup;
			children = (
				7C4E6E9821E473D70053D2EE /* AppDelegate.swift */,
				7C4E6E9A21E473D70053D2EE /* PageContentViewController.swift */,
				7C4E6E9C21E473D70053D2EE /* Main.storyboard */,
				7C4E6E9F21E473E60053D2EE /* Assets.xcassets */,
				7C4E6EA121E473E60053D2EE /* LaunchScreen.storyboard */,
				7C4E6EA421E473E60053D2EE /* Info.plist */,
				7C4E6EAA21E484520053D2EE /* CustomUIPageControl.swift */,
				7C4E6EAC21E486E00053D2EE /* PageViewController.swift */,
			);
			path = SplashTutorialDemo;
			sourceTree = "<group>";
		};
/* End PBXGroup section */

/* Begin PBXNativeTarget section */
		7C4E6E9421E473D70053D2EE /* SplashTutorialDemo */ = {
			isa = PBXNativeTarget;
			buildConfigurationList = 7C4E6EA721E473E60053D2EE /* Build configuration list for PBXNativeTarget "SplashTutorialDemo" */;
			buildPhases = (
				7C4E6E9121E473D70053D2EE /* Sources */,
				7C4E6E9221E473D70053D2EE /* Frameworks */,
				7C4E6E9321E473D70053D2EE /* Resources */,
			);
			buildRules = (
			);
			dependencies = (
			);
			name = SplashTutorialDemo;
			productName = SplashTutorialDemo;
			productReference = 7C4E6E9521E473D70053D2EE /* SplashTutorialDemo.app */;
			productType = "com.apple.product-type.application";
		};
/* End PBXNativeTarget section */

/* Begin PBXProject section */
		7C4E6E8D21E473D60053D2EE /* Project object */ = {
			isa = PBXProject;
			attributes = {
				LastSwiftUpdateCheck = 1000;
				LastUpgradeCheck = 1000;
				ORGANIZATIONNAME = "Sharad Katre";
				TargetAttributes = {
					7C4E6E9421E473D70053D2EE = {
						CreatedOnToolsVersion = 10.0;
					};
				};
			};
			buildConfigurationList = 7C4E6E9021E473D60053D2EE /* Build configuration list for PBXProject "SplashTutorialDemo" */;
			compatibilityVersion = "Xcode 9.3";
			developmentRegion = en;
			hasScannedForEncodings = 0;
			knownRegions = (
				en,
				Base,
			);
			mainGroup = 7C4E6E8C21E473D60053D2EE;
			productRefGroup = 7C4E6E9621E473D70053D2EE /* Products */;
			projectDirPath = "";
			projectRoot = "";
			targets = (
				7C4E6E9421E473D70053D2EE /* SplashTutorialDemo */,
			);
		};
/* End PBXProject section */

/* Begin PBXResourcesBuildPhase section */
		7C4E6E9321E473D70053D2EE /* Resources */ = {
			isa = PBXResourcesBuildPhase;
			buildActionMask = 2147483647;
			files = (
				7C4E6EA321E473E60053D2EE /* LaunchScreen.storyboard in Resources */,
				7C4E6EA021E473E60053D2EE /* Assets.xcassets in Resources */,
				7C4E6E9E21E473D70053D2EE /* Main.storyboard in Resources */,
			);
			runOnlyForDeploymentPostprocessing = 0;
		};
/* End PBXResourcesBuildPhase section */

/* Begin PBXSourcesBuildPhase section */
		7C4E6E9121E473D70053D2EE /* Sources */ = {
			isa = PBXSourcesBuildPhase;
			buildActionMask = 2147483647;
			files = (
				7C4E6E9B21E473D70053D2EE /* PageContentViewController.swift in Sources */,
				7C4E6EAB21E484520053D2EE /* CustomUIPageControl.swift in Sources */,
				7C4E6E9921E473D70053D2EE /* AppDelegate.swift in Sources */,
				7C4E6EAD21E486E00053D2EE /* PageViewController.swift in Sources */,
			);
			runOnlyForDeploymentPostprocessing = 0;
		};
/* End PBXSourcesBuildPhase section */

/* Begin PBXVariantGroup section */
		7C4E6E9C21E473D70053D2EE /* Main.storyboard */ = {
			isa = PBXVariantGroup;
			children = (
				7C4E6E9D21E473D70053D2EE /* Base */,
			);
			name = Main.storyboard;
			sourceTree = "<group>";
		};
		7C4E6EA121E473E60053D2EE /* LaunchScreen.storyboard */ = {
			isa = PBXVariantGroup;
			children = (
				7C4E6EA221E473E60053D2EE /* Base */,
			);
			name = LaunchScreen.storyboard;
			sourceTree = "<group>";
		};
/* End PBXVariantGroup section */

/* Begin XCBuildConfiguration section */
		7C4E6EA521E473E60053D2EE /* Debug */ = {
			isa = XCBuildConfiguration;
			buildSettings = {
				ALWAYS_SEARCH_USER_PATHS = NO;
				CLANG_ANALYZER_NONNULL = YES;
				CLANG_ANALYZER_NUMBER_OBJECT_CONVERSION = YES_AGGRESSIVE;
				CLANG_CXX_LANGUAGE_STANDARD = "gnu++14";
				CLANG_CXX_LIBRARY = "libc++";
				CLANG_ENABLE_MODULES = YES;
				CLANG_ENABLE_OBJC_ARC = YES;
				CLANG_ENABLE_OBJC_WEAK = YES;
				CLANG_WARN_BLOCK_CAPTURE_AUTORELEASING = YES;
				CLANG_WARN_BOOL_CONVERSION = YES;
				CLANG_WARN_COMMA = YES;
				CLANG_WARN_CONSTANT_CONVERSION = YES;
				CLANG_WARN_DEPRECATED_OBJC_IMPLEMENTATIONS = YES;
				CLANG_WARN_DIRECT_OBJC_ISA_USAGE = YES_ERROR;
				CLANG_WARN_DOCUMENTATION_COMMENTS = YES;
				CLANG_WARN_EMPTY_BODY = YES;
				CLANG_WARN_ENUM_CONVERSION = YES;
				CLANG_WARN_INFINITE_RECURSION = YES;
				CLANG_WARN_INT_CONVERSION = YES;
				CLANG_WARN_NON_LITERAL_NULL_CONVERSION = YES;
				CLANG_WARN_OBJC_IMPLICIT_RETAIN_SELF = YES;
				CLANG_WARN_OBJC_LITERAL_CONVERSION = YES;
				CLANG_WARN_OBJC_ROOT_CLASS = YES_ERROR;
				CLANG_WARN_RANGE_LOOP_ANALYSIS = YES;
				CLANG_WARN_STRICT_PROTOTYPES = YES;
				CLANG_WARN_SUSPICIOUS_MOVE = YES;
				CLANG_WARN_UNGUARDED_AVAILABILITY = YES_AGGRESSIVE;
				CLANG_WARN_UNREACHABLE_CODE = YES;
				CLANG_WARN__DUPLICATE_METHOD_MATCH = YES;
				CODE_SIGN_IDENTITY = "iPhone Developer";
				COPY_PHASE_STRIP = NO;
				DEBUG_INFORMATION_FORMAT = dwarf;
				ENABLE_STRICT_OBJC_MSGSEND = YES;
				ENABLE_TESTABILITY = YES;
				GCC_C_LANGUAGE_STANDARD = gnu11;
				GCC_DYNAMIC_NO_PIC = NO;
				GCC_NO_COMMON_BLOCKS = YES;
				GCC_OPTIMIZATION_LEVEL = 0;
				GCC_PREPROCESSOR_DEFINITIONS = (
					"DEBUG=1",
					"$(inherited)",
				);
				GCC_WARN_64_TO_32_BIT_CONVERSION = YES;
				GCC_WARN_ABOUT_RETURN_TYPE = YES_ERROR;
				GCC_WARN_UNDECLARED_SELECTOR = YES;
				GCC_WARN_UNINITIALIZED_AUTOS = YES_AGGRESSIVE;
				GCC_WARN_UNUSED_FUNCTION = YES;
				GCC_WARN_UNUSED_VARIABLE = YES;
				IPHONEOS_DEPLOYMENT_TARGET = 12.0;
				MTL_ENABLE_DEBUG_INFO = INCLUDE_SOURCE;
				MTL_FAST_MATH = YES;
				ONLY_ACTIVE_ARCH = YES;
				SDKROOT = iphoneos;
				SWIFT_ACTIVE_COMPILATION_CONDITIONS = DEBUG;
				SWIFT_OPTIMIZATION_LEVEL = "-Onone";
			};
			name = Debug;
		};
		7C4E6EA621E473E60053D2EE /* Release */ = {
			isa = XCBuildConfiguration;
			buildSettings = {
				ALWAYS_SEARCH_USER_PATHS = NO;
				CLANG_ANALYZER_NONNULL = YES;
				CLANG_ANALYZER_NUMBER_OBJECT_CONVERSION = YES_AGGRESSIVE;
				CLANG_CXX_LANGUAGE_STANDARD = "gnu++14";
				CLANG_CXX_LIBRARY = "libc++";
				CLANG_ENABLE_MODULES = YES;
				CLANG_ENABLE_OBJC_ARC = YES;
				CLANG_ENABLE_OBJC_WEAK = YES;
				CLANG_WARN_BLOCK_CAPTURE_AUTORELEASING = YES;
				CLANG_WARN_BOOL_CONVERSION = YES;
				CLANG_WARN_COMMA = YES;
				CLANG_WARN_CONSTANT_CONVERSION = YES;
				CLANG_WARN_DEPRECATED_OBJC_IMPLEMENTATIONS = YES;
				CLANG_WARN_DIRECT_OBJC_ISA_USAGE = YES_ERROR;
				CLANG_WARN_DOCUMENTATION_COMMENTS = YES;
				CLANG_WARN_EMPTY_BODY = YES;
				CLANG_WARN_ENUM_CONVERSION = YES;
				CLANG_WARN_INFINITE_RECURSION = YES;
				CLANG_WARN_INT_CONVERSION = YES;
				CLANG_WARN_NON_LITERAL_NULL_CONVERSION = YES;
				CLANG_WARN_OBJC_IMPLICIT_RETAIN_SELF = YES;
				CLANG_WARN_OBJC_LITERAL_CONVERSION = YES;
				CLANG_WARN_OBJC_ROOT_CLASS = YES_ERROR;
				CLANG_WARN_RANGE_LOOP_ANALYSIS = YES;
				CLANG_WARN_STRICT_PROTOTYPES = YES;
				CLANG_WARN_SUSPICIOUS_MOVE = YES;
				CLANG_WARN_UNGUARDED_AVAILABILITY = YES_AGGRESSIVE;
				CLANG_WARN_UNREACHABLE_CODE = YES;
				CLANG_WARN__DUPLICATE_METHOD_MATCH = YES;
				CODE_SIGN_IDENTITY = "iPhone Developer";
				COPY_PHASE_STRIP = NO;
				DEBUG_INFORMATION_FORMAT = "dwarf-with-dsym";
				ENABLE_NS_ASSERTIONS = NO;
				ENABLE_STRICT_OBJC_MSGSEND = YES;
				GCC_C_LANGUAGE_STANDARD = gnu11;
				GCC_NO_COMMON_BLOCKS = YES;
				GCC_WARN_64_TO_32_BIT_CONVERSION = YES;
				GCC_WARN_ABOUT_RETURN_TYPE = YES_ERROR;
				GCC_WARN_UNDECLARED_SELECTOR = YES;
				GCC_WARN_UNINITIALIZED_AUTOS = YES_AGGRESSIVE;
				GCC_WARN_UNUSED_FUNCTION = YES;
				GCC_WARN_UNUSED_VARIABLE = YES;
				IPHONEOS_DEPLOYMENT_TARGET = 12.0;
				MTL_ENABLE_DEBUG_INFO = NO;
				MTL_FAST_MATH = YES;
				SDKROOT = iphoneos;
				SWIFT_COMPILATION_MODE = wholemodule;
				SWIFT_OPTIMIZATION_LEVEL = "-O";
				VALIDATE_PRODUCT = YES;
			};
			name = Release;
		};
		7C4E6EA821E473E60053D2EE /* Debug */ = {
			isa = XCBuildConfiguration;
			buildSettings = {
				ASSETCATALOG_COMPILER_APPICON_NAME = AppIcon;
				CODE_SIGN_STYLE = Automatic;
				INFOPLIST_FILE = SplashTutorialDemo/Info.plist;
				LD_RUNPATH_SEARCH_PATHS = (
					"$(inherited)",
					"@executable_path/Frameworks",
				);
				PRODUCT_BUNDLE_IDENTIFIER = com.sharad.iSearch.SplashTutorialDemo;
				PRODUCT_NAME = "$(TARGET_NAME)";
				SWIFT_VERSION = 4.2;
				TARGETED_DEVICE_FAMILY = "1,2";
			};
			name = Debug;
		};
		7C4E6EA921E473E60053D2EE /* Release */ = {
			isa = XCBuildConfiguration;
			buildSettings = {
				ASSETCATALOG_COMPILER_APPICON_NAME = AppIcon;
				CODE_SIGN_STYLE = Automatic;
				INFOPLIST_FILE = SplashTutorialDemo/Info.plist;
				LD_RUNPATH_SEARCH_PATHS = (
					"$(inherited)",
					"@executable_path/Frameworks",
				);
				PRODUCT_BUNDLE_IDENTIFIER = com.sharad.iSearch.SplashTutorialDemo;
				PRODUCT_NAME = "$(TARGET_NAME)";
				SWIFT_VERSION = 4.2;
				TARGETED_DEVICE_FAMILY = "1,2";
			};
			name = Release;
		};
/* End XCBuildConfiguration section */

/* Begin XCConfigurationList section */
		7C4E6E9021E473D60053D2EE /* Build configuration list for PBXProject "SplashTutorialDemo" */ = {
			isa = XCConfigurationList;
			buildConfigurations = (
				7C4E6EA521E473E60053D2EE /* Debug */,
				7C4E6EA621E473E60053D2EE /* Release */,
			);
			defaultConfigurationIsVisible = 0;
			defaultConfigurationName = Release;
		};
		7C4E6EA721E473E60053D2EE /* Build configuration list for PBXNativeTarget "SplashTutorialDemo" */ = {
			isa = XCConfigurationList;
			buildConfigurations = (
				7C4E6EA821E473E60053D2EE /* Debug */,
				7C4E6EA921E473E60053D2EE /* Release */,
			);
			defaultConfigurationIsVisible = 0;
			defaultConfigurationName = Release;
		};
/* End XCConfigurationList section */
	};
	rootObject = 7C4E6E8D21E473D60053D2EE /* Project object */;
}
